
Microsoft Visual Studio Solution File, Format Version 12.00
# Visual Studio 2013
VisualStudioVersion = 12.0.31101.0
MinimumVisualStudioVersion = 10.0.40219.1
Project("{FAE04EC0-301F-11D3-BF4B-00C04F79EFBC}") = "Expression2SqlTest", "Expression2SqlTest\Expression2SqlTest.csproj", "{FA4958BA-2FEC-4A6C-AC36-4F7BADCC8862}"
EndProject
Project("{FAE04EC0-301F-11D3-BF4B-00C04F79EFBC}") = "Expression2Sql", "Expression2Sql\Expression2Sql.csproj", "{67058C2A-6531-4BCC-9FDA-067A4D51674A}"
EndProject
Global
	GlobalSection(SolutionConfigurationPlatforms) = preSolution
		Debug|Any CPU = Debug|Any CPU
		Release|Any CPU = Release|Any CPU
	EndGlobalSection
	GlobalSection(ProjectConfigurationPlatforms) = postSolution
		{FA4958BA-2FEC-4A6C-AC36-4F7BADCC8862}.Debug|Any CPU.ActiveCfg = Debug|Any CPU
		{FA4958BA-2FEC-4A6C-AC36-4F7BADCC8862}.Debug|Any CPU.Build.0 = Debug|Any CPU
		{FA4958BA-2FEC-4A6C-AC36-4F7BADCC8862}.Release|Any CPU.ActiveCfg = Release|Any CPU
		{FA4958BA-2FEC-4A6C-AC36-4F7BADCC8862}.Release|Any CPU.Build.0 = Release|Any CPU
		{67058C2A-6531-4BCC-9FDA-067A4D51674A}.Debug|Any CPU.ActiveCfg = Debug|Any CPU
		{67058C2A-6531-4BCC-9FDA-067A4D51674A}.Debug|Any CPU.Build.0 = Debug|Any CPU
		{67058C2A-6531-4BCC-9FDA-067A4D51674A}.Release|Any CPU.ActiveCfg = Release|Any CPU
		{67058C2A-6531-4BCC-9FDA-067A4D51674A}.Release|Any CPU.Build.0 = Release|Any CPU
	EndGlobalSection
	GlobalSection(SolutionProperties) = preSolution
		HideSolutionNode = FALSE
	EndGlobalSection
EndGlobal
